
Microsoft Visual Studio Solution File, Format Version 12.00
# Visual Studio Version 17
VisualStudioVersion = 17.10.34928.147
MinimumVisualStudioVersion = 10.0.40219.1
Project("{FAE04EC0-301F-11D3-BF4B-00C04F79EFBC}") = "ScacchiDS.Server", "ScacchiDS.Server\ScacchiDS.Server.csproj", "{C9E40218-39F2-41EB-A30D-5E984E56ACDD}"
EndProject
Project("{54A90642-561A-4BB1-A94E-469ADEE60C69}") = "scacchids.client", "scacchids.client\scacchids.client.esproj", "{FA0A9B7B-F9E9-4CAB-85F3-F1625A5D1C01}"
EndProject
Global
	GlobalSection(SolutionConfigurationPlatforms) = preSolution
		Debug|Any CPU = Debug|Any CPU
		Release|Any CPU = Release|Any CPU
	EndGlobalSection
	GlobalSection(ProjectConfigurationPlatforms) = postSolution
		{C9E40218-39F2-41EB-A30D-5E984E56ACDD}.Debug|Any CPU.ActiveCfg = Debug|Any CPU
		{C9E40218-39F2-41EB-A30D-5E984E56ACDD}.Debug|Any CPU.Build.0 = Debug|Any CPU
		{C9E40218-39F2-41EB-A30D-5E984E56ACDD}.Release|Any CPU.ActiveCfg = Release|Any CPU
		{C9E40218-39F2-41EB-A30D-5E984E56ACDD}.Release|Any CPU.Build.0 = Release|Any CPU
		{FA0A9B7B-F9E9-4CAB-85F3-F1625A5D1C01}.Debug|Any CPU.ActiveCfg = Debug|Any CPU
		{FA0A9B7B-F9E9-4CAB-85F3-F1625A5D1C01}.Debug|Any CPU.Build.0 = Debug|Any CPU
		{FA0A9B7B-F9E9-4CAB-85F3-F1625A5D1C01}.Debug|Any CPU.Deploy.0 = Debug|Any CPU
		{FA0A9B7B-F9E9-4CAB-85F3-F1625A5D1C01}.Release|Any CPU.ActiveCfg = Release|Any CPU
		{FA0A9B7B-F9E9-4CAB-85F3-F1625A5D1C01}.Release|Any CPU.Build.0 = Release|Any CPU
		{FA0A9B7B-F9E9-4CAB-85F3-F1625A5D1C01}.Release|Any CPU.Deploy.0 = Release|Any CPU
	EndGlobalSection
	GlobalSection(SolutionProperties) = preSolution
		HideSolutionNode = FALSE
	EndGlobalSection
	GlobalSection(ExtensibilityGlobals) = postSolution
		SolutionGuid = {4CE15062-B11A-4637-8714-BD589D2EA70F}
	EndGlobalSection
EndGlobal
